{"filter":false,"title":"Pipfile.lock","tooltip":"/Pipfile.lock","undoManager":{"mark":-1,"position":-1,"stack":[]},"ace":{"folds":[],"scrolltop":0,"scrollleft":0,"selection":{"start":{"row":0,"column":0},"end":{"row":0,"column":0},"isBackwards":false},"options":{"guessTabSize":true,"useWrapMode":false,"wrapToView":true},"firstLineState":0},"timestamp":1541608383460,"hash":"ef830110c74fde1cd49de1d1ec4bc9acebc0140e"}