{"filter":false,"title":"Pipfile.lock","tooltip":"/Pipfile.lock","undoManager":{"mark":-1,"position":-1,"stack":[]},"ace":{"folds":[],"scrolltop":1074.5,"scrollleft":0,"selection":{"start":{"row":43,"column":66},"end":{"row":43,"column":66},"isBackwards":false},"options":{"guessTabSize":true,"useWrapMode":false,"wrapToView":true},"firstLineState":{"row":77,"state":"start","mode":"ace/mode/json"}},"timestamp":1542532546330,"hash":"3a65ce76c433bf5e7d127010a2e1b50bb5c523d6"}