{"filter":false,"title":"Pipfile.lock","tooltip":"/Pipfile.lock","undoManager":{"mark":-1,"position":-1,"stack":[]},"ace":{"folds":[],"scrolltop":1570,"scrollleft":0,"selection":{"start":{"row":0,"column":0},"end":{"row":0,"column":0},"isBackwards":false},"options":{"guessTabSize":true,"useWrapMode":false,"wrapToView":true},"firstLineState":{"row":113,"state":"start","mode":"ace/mode/json"}},"timestamp":1541605042986,"hash":"40ba36d897335ae666135327c05d8f851428a666"}